<?xml version="1.0" encoding="utf-8"?>
<Project ToolsVersion="4.0" xmlns="http://schemas.microsoft.com/developer/msbuild/2003">
  <ItemGroup>
    <Filter Include="Source Files">
      <UniqueIdentifier>{4FC737F1-C7A5-4376-A066-2A32D752A2FF}</UniqueIdentifier>
      <Extensions>cpp;c;cc;cxx;c++;cppm;ixx;def;odl;idl;hpj;bat;asm;asmx</Extensions>
    </Filter>
    <Filter Include="Header Files">
      <UniqueIdentifier>{93995380-89BD-4b04-88EB-625FBE52EBFB}</UniqueIdentifier>
      <Extensions>h;hh;hpp;hxx;h++;hm;inl;inc;ipp;xsd</Extensions>
    </Filter>
    <Filter Include="Resource Files">
      <UniqueIdentifier>{67DA6AB6-F800-4c08-8B7A-83BB121AAD01}</UniqueIdentifier>
      <Extensions>rc;ico;cur;bmp;dlg;rc2;rct;bin;rgs;gif;jpg;jpeg;jpe;resx;tiff;tif;png;wav;mfcribbon-ms</Extensions>
    </Filter>
  </ItemGroup>
  <ItemGroup>
    <Image Include="small.ico">
      <Filter>Resource Files</Filter>
    </Image>
    <Image Include="capture.png">
      <Filter>Resource Files</Filter>
    </Image>
  </ItemGroup>
  <ItemGroup>
    <ClCompile Include="CircleSVG.cpp">
      <Filter>Source Files</Filter>
    </ClCompile>
    <ClCompile Include="EllipseSVG.cpp">
      <Filter>Source Files</Filter>
    </ClCompile>
    <ClCompile Include="FillShapeSVG.cpp">
      <Filter>Source Files</Filter>
    </ClCompile>
    <ClCompile Include="FillSVG.cpp">
      <Filter>Source Files</Filter>
    </ClCompile>
    <ClCompile Include="Function.cpp">
      <Filter>Source Files</Filter>
    </ClCompile>
    <ClCompile Include="LineSVG.cpp">
      <Filter>Source Files</Filter>
    </ClCompile>
    <ClCompile Include="NonFillShapeSVG.cpp">
      <Filter>Source Files</Filter>
    </ClCompile>
    <ClCompile Include="OpacitySVG.cpp">
      <Filter>Source Files</Filter>
    </ClCompile>
    <ClCompile Include="ParserSVG.cpp">
      <Filter>Source Files</Filter>
    </ClCompile>
    <ClCompile Include="PolygonSVG.cpp">
      <Filter>Source Files</Filter>
    </ClCompile>
    <ClCompile Include="PolylineSVG.cpp">
      <Filter>Source Files</Filter>
    </ClCompile>
    <ClCompile Include="RectangleSVG.cpp">
      <Filter>Source Files</Filter>
    </ClCompile>
    <ClCompile Include="RenderSVG.cpp">
      <Filter>Source Files</Filter>
    </ClCompile>
    <ClCompile Include="ShapeSVG.cpp">
      <Filter>Source Files</Filter>
    </ClCompile>
    <ClCompile Include="StrokeSVG.cpp">
      <Filter>Source Files</Filter>
    </ClCompile>
    <ClCompile Include="SVGReader.cpp">
      <Filter>Source Files</Filter>
    </ClCompile>
    <ClCompile Include="TextSVG.cpp">
      <Filter>Source Files</Filter>
    </ClCompile>
  </ItemGroup>
  <ItemGroup>
    <ClInclude Include="CircleSVG.h">
      <Filter>Header Files</Filter>
    </ClInclude>
    <ClInclude Include="EllipseSVG.h">
      <Filter>Header Files</Filter>
    </ClInclude>
    <ClInclude Include="FillShapeSVG.h">
      <Filter>Header Files</Filter>
    </ClInclude>
    <ClInclude Include="FillSVG.h">
      <Filter>Header Files</Filter>
    </ClInclude>
    <ClInclude Include="framework.h">
      <Filter>Header Files</Filter>
    </ClInclude>
    <ClInclude Include="Function.h">
      <Filter>Header Files</Filter>
    </ClInclude>
    <ClInclude Include="GlobalVariables.h">
      <Filter>Header Files</Filter>
    </ClInclude>
    <ClInclude Include="LineSVG.h">
      <Filter>Header Files</Filter>
    </ClInclude>
    <ClInclude Include="NonFillShapeSVG.h">
      <Filter>Header Files</Filter>
    </ClInclude>
    <ClInclude Include="OpacitySVG.h">
      <Filter>Header Files</Filter>
    </ClInclude>
    <ClInclude Include="ParserSVG.h">
      <Filter>Header Files</Filter>
    </ClInclude>
    <ClInclude Include="PolygonSVG.h">
      <Filter>Header Files</Filter>
    </ClInclude>
    <ClInclude Include="PolylineSVG.h">
      <Filter>Header Files</Filter>
    </ClInclude>
    <ClInclude Include="rapidxml.hpp">
      <Filter>Header Files</Filter>
    </ClInclude>
    <ClInclude Include="RectangleSVG.h">
      <Filter>Header Files</Filter>
    </ClInclude>
    <ClInclude Include="RenderSVG.h">
      <Filter>Header Files</Filter>
    </ClInclude>
    <ClInclude Include="Resource.h">
      <Filter>Header Files</Filter>
    </ClInclude>
    <ClInclude Include="ShapeSVG.h">
      <Filter>Header Files</Filter>
    </ClInclude>
    <ClInclude Include="StrokeSVG.h">
      <Filter>Header Files</Filter>
    </ClInclude>
    <ClInclude Include="SVGReader.h">
      <Filter>Header Files</Filter>
    </ClInclude>
    <ClInclude Include="targetver.h">
      <Filter>Header Files</Filter>
    </ClInclude>
    <ClInclude Include="TextSVG.h">
      <Filter>Header Files</Filter>
    </ClInclude>
  </ItemGroup>
  <ItemGroup>
    <None Include="Cat.svg">
      <Filter>Resource Files</Filter>
    </None>
    <None Include="sample.svg">
      <Filter>Resource Files</Filter>
    </None>
    <None Include="Smile.svg">
      <Filter>Resource Files</Filter>
    </None>
  </ItemGroup>
</Project>